
Microsoft Visual Studio Solution File, Format Version 12.00
# Visual Studio Version 17
VisualStudioVersion = 17.0.31410.414
MinimumVisualStudioVersion = 10.0.40219.1
Project("{FAE04EC0-301F-11D3-BF4B-00C04F79EFBC}") = "BuildingBlock.RavenDB", "BuildingBlock.RavenDB\BuildingBlock.RavenDB.csproj", "{6205F6B3-2269-4347-B099-04BADEAF2CCF}"
EndProject
Project("{FAE04EC0-301F-11D3-BF4B-00C04F79EFBC}") = "PocRavenDB", "PocRavenDB\PocRavenDB.csproj", "{14346C3A-7D5C-40F0-ADEB-FDBDA34B40E8}"
EndProject
Project("{FAE04EC0-301F-11D3-BF4B-00C04F79EFBC}") = "BuildingBlock.RavenDB.Tests", "BuildingBlock.RavenDB.Tests\BuildingBlock.RavenDB.Tests.csproj", "{B49F106A-F1C2-4119-9DCE-05976C74D4F6}"
EndProject
Global
	GlobalSection(SolutionConfigurationPlatforms) = preSolution
		Debug|Any CPU = Debug|Any CPU
		Release|Any CPU = Release|Any CPU
	EndGlobalSection
	GlobalSection(ProjectConfigurationPlatforms) = postSolution
		{6205F6B3-2269-4347-B099-04BADEAF2CCF}.Debug|Any CPU.ActiveCfg = Debug|Any CPU
		{6205F6B3-2269-4347-B099-04BADEAF2CCF}.Debug|Any CPU.Build.0 = Debug|Any CPU
		{6205F6B3-2269-4347-B099-04BADEAF2CCF}.Release|Any CPU.ActiveCfg = Release|Any CPU
		{6205F6B3-2269-4347-B099-04BADEAF2CCF}.Release|Any CPU.Build.0 = Release|Any CPU
		{14346C3A-7D5C-40F0-ADEB-FDBDA34B40E8}.Debug|Any CPU.ActiveCfg = Debug|Any CPU
		{14346C3A-7D5C-40F0-ADEB-FDBDA34B40E8}.Debug|Any CPU.Build.0 = Debug|Any CPU
		{14346C3A-7D5C-40F0-ADEB-FDBDA34B40E8}.Release|Any CPU.ActiveCfg = Release|Any CPU
		{14346C3A-7D5C-40F0-ADEB-FDBDA34B40E8}.Release|Any CPU.Build.0 = Release|Any CPU
		{B49F106A-F1C2-4119-9DCE-05976C74D4F6}.Debug|Any CPU.ActiveCfg = Debug|Any CPU
		{B49F106A-F1C2-4119-9DCE-05976C74D4F6}.Debug|Any CPU.Build.0 = Debug|Any CPU
		{B49F106A-F1C2-4119-9DCE-05976C74D4F6}.Release|Any CPU.ActiveCfg = Release|Any CPU
		{B49F106A-F1C2-4119-9DCE-05976C74D4F6}.Release|Any CPU.Build.0 = Release|Any CPU
	EndGlobalSection
	GlobalSection(SolutionProperties) = preSolution
		HideSolutionNode = FALSE
	EndGlobalSection
	GlobalSection(ExtensibilityGlobals) = postSolution
		SolutionGuid = {C975EEA0-2F82-47E5-95C8-AC771A2F451B}
	EndGlobalSection
EndGlobal
